
Microsoft Visual Studio Solution File, Format Version 12.00
# Visual Studio Version 17
VisualStudioVersion = 17.7.34018.315
MinimumVisualStudioVersion = 10.0.40219.1
Project("{FAE04EC0-301F-11D3-BF4B-00C04F79EFBC}") = "rezerw", "rezerw\rezerw.csproj", "{B8DC2ED1-23CB-4110-A712-2E324F71B1C6}"
EndProject
Global
	GlobalSection(SolutionConfigurationPlatforms) = preSolution
		Debug|Any CPU = Debug|Any CPU
		Release|Any CPU = Release|Any CPU
	EndGlobalSection
	GlobalSection(ProjectConfigurationPlatforms) = postSolution
		{B8DC2ED1-23CB-4110-A712-2E324F71B1C6}.Debug|Any CPU.ActiveCfg = Debug|Any CPU
		{B8DC2ED1-23CB-4110-A712-2E324F71B1C6}.Debug|Any CPU.Build.0 = Debug|Any CPU
		{B8DC2ED1-23CB-4110-A712-2E324F71B1C6}.Release|Any CPU.ActiveCfg = Release|Any CPU
		{B8DC2ED1-23CB-4110-A712-2E324F71B1C6}.Release|Any CPU.Build.0 = Release|Any CPU
	EndGlobalSection
	GlobalSection(SolutionProperties) = preSolution
		HideSolutionNode = FALSE
	EndGlobalSection
	GlobalSection(ExtensibilityGlobals) = postSolution
		SolutionGuid = {ACFD643B-3C42-4233-973C-BC9CBB3D1AD1}
	EndGlobalSection
EndGlobal
